
Microsoft Visual Studio Solution File, Format Version 12.00
# Visual Studio Version 16
VisualStudioVersion = 16.0.31624.102
MinimumVisualStudioVersion = 10.0.40219.1
Project("{FAE04EC0-301F-11D3-BF4B-00C04F79EFBC}") = "WebApplication2", "WebApplication2.csproj", "{1F66CA0A-D42F-453A-A31D-C68E96FFC7DD}"
EndProject
Global
	GlobalSection(SolutionConfigurationPlatforms) = preSolution
		Debug|Any CPU = Debug|Any CPU
		Release|Any CPU = Release|Any CPU
	EndGlobalSection
	GlobalSection(ProjectConfigurationPlatforms) = postSolution
		{1F66CA0A-D42F-453A-A31D-C68E96FFC7DD}.Debug|Any CPU.ActiveCfg = Debug|Any CPU
		{1F66CA0A-D42F-453A-A31D-C68E96FFC7DD}.Debug|Any CPU.Build.0 = Debug|Any CPU
		{1F66CA0A-D42F-453A-A31D-C68E96FFC7DD}.Release|Any CPU.ActiveCfg = Release|Any CPU
		{1F66CA0A-D42F-453A-A31D-C68E96FFC7DD}.Release|Any CPU.Build.0 = Release|Any CPU
	EndGlobalSection
	GlobalSection(SolutionProperties) = preSolution
		HideSolutionNode = FALSE
	EndGlobalSection
	GlobalSection(ExtensibilityGlobals) = postSolution
		SolutionGuid = {24E9A590-74CD-429E-86E5-564E35131AF3}
	EndGlobalSection
EndGlobal
